
Microsoft Visual Studio Solution File, Format Version 12.00
# Visual Studio 15
VisualStudioVersion = 15.0.28307.271
MinimumVisualStudioVersion = 10.0.40219.1
Project("{FAE04EC0-301F-11D3-BF4B-00C04F79EFBC}") = "OBK", "OBK\OBK.csproj", "{FEBA1D0B-57DE-48FD-B6A8-BC825A8AB733}"
EndProject
Project("{FAE04EC0-301F-11D3-BF4B-00C04F79EFBC}") = "ObkLibrary", "ObkLibrary\ObkLibrary.csproj", "{E3160BE8-E7A7-44CD-A6F8-E200FED277B4}"
EndProject
Project("{9A19103F-16F7-4668-BE54-9A1E7A4F7556}") = "OrderByKioskWebAPI", "OrderByKioskWebAPI\OrderByKioskWebAPI.csproj", "{F6A202FD-04F5-4BB7-8F6D-D8F1AD90A9DE}"
EndProject
Global
	GlobalSection(SolutionConfigurationPlatforms) = preSolution
		Debug|Any CPU = Debug|Any CPU
		Release|Any CPU = Release|Any CPU
	EndGlobalSection
	GlobalSection(ProjectConfigurationPlatforms) = postSolution
		{FEBA1D0B-57DE-48FD-B6A8-BC825A8AB733}.Debug|Any CPU.ActiveCfg = Debug|Any CPU
		{FEBA1D0B-57DE-48FD-B6A8-BC825A8AB733}.Debug|Any CPU.Build.0 = Debug|Any CPU
		{FEBA1D0B-57DE-48FD-B6A8-BC825A8AB733}.Release|Any CPU.ActiveCfg = Release|Any CPU
		{FEBA1D0B-57DE-48FD-B6A8-BC825A8AB733}.Release|Any CPU.Build.0 = Release|Any CPU
		{E3160BE8-E7A7-44CD-A6F8-E200FED277B4}.Debug|Any CPU.ActiveCfg = Debug|Any CPU
		{E3160BE8-E7A7-44CD-A6F8-E200FED277B4}.Debug|Any CPU.Build.0 = Debug|Any CPU
		{E3160BE8-E7A7-44CD-A6F8-E200FED277B4}.Release|Any CPU.ActiveCfg = Release|Any CPU
		{E3160BE8-E7A7-44CD-A6F8-E200FED277B4}.Release|Any CPU.Build.0 = Release|Any CPU
		{F6A202FD-04F5-4BB7-8F6D-D8F1AD90A9DE}.Debug|Any CPU.ActiveCfg = Debug|Any CPU
		{F6A202FD-04F5-4BB7-8F6D-D8F1AD90A9DE}.Debug|Any CPU.Build.0 = Debug|Any CPU
		{F6A202FD-04F5-4BB7-8F6D-D8F1AD90A9DE}.Release|Any CPU.ActiveCfg = Release|Any CPU
		{F6A202FD-04F5-4BB7-8F6D-D8F1AD90A9DE}.Release|Any CPU.Build.0 = Release|Any CPU
	EndGlobalSection
	GlobalSection(SolutionProperties) = preSolution
		HideSolutionNode = FALSE
	EndGlobalSection
	GlobalSection(ExtensibilityGlobals) = postSolution
		SolutionGuid = {811791A1-B8AC-400E-A5B0-4BBAED00F260}
	EndGlobalSection
EndGlobal
